
Microsoft Visual Studio Solution File, Format Version 12.00
# Visual Studio Version 17
VisualStudioVersion = 17.0.32112.339
MinimumVisualStudioVersion = 10.0.40219.1
Project("{FAE04EC0-301F-11D3-BF4B-00C04F79EFBC}") = "DemoApi", "DemoApi\DemoApi.csproj", "{494B8219-58B9-4E9C-9280-B987A8C63637}"
EndProject
Global
	GlobalSection(SolutionConfigurationPlatforms) = preSolution
		Debug|Any CPU = Debug|Any CPU
		Release|Any CPU = Release|Any CPU
	EndGlobalSection
	GlobalSection(ProjectConfigurationPlatforms) = postSolution
		{494B8219-58B9-4E9C-9280-B987A8C63637}.Debug|Any CPU.ActiveCfg = Debug|Any CPU
		{494B8219-58B9-4E9C-9280-B987A8C63637}.Debug|Any CPU.Build.0 = Debug|Any CPU
		{494B8219-58B9-4E9C-9280-B987A8C63637}.Release|Any CPU.ActiveCfg = Release|Any CPU
		{494B8219-58B9-4E9C-9280-B987A8C63637}.Release|Any CPU.Build.0 = Release|Any CPU
	EndGlobalSection
	GlobalSection(SolutionProperties) = preSolution
		HideSolutionNode = FALSE
	EndGlobalSection
	GlobalSection(ExtensibilityGlobals) = postSolution
		SolutionGuid = {2DA861F6-1C2E-4F07-A8BA-AFEDCF50F2E6}
	EndGlobalSection
EndGlobal
